version = 1
revision = 3
requires-python = ">=3.14, <3.15"

[manifest]
requirements = [
    { name = "check-jsonschema", specifier = "==0.38.0" },
    { name = "jsonschema", specifier = "==4.25.1" },
    { name = "rfc8785", specifier = "==0.1.4" },
]

[[package]]
name = "attrs"
version = "26.1.0"
source = { registry = "https://pypi.org/simple" }
sdist = { url = "https://files.pythonhosted.org/packages/9a/8e/82a0fe20a541c03148528be8cac2408564a6c9a0cc7e9171802bc1d26985/attrs-26.1.0.tar.gz", hash = "sha256:d03ceb89cb322a8fd706d4fb91940737b6642aa36998fe130a9bc96c985eff32", size = 952055, upload-time = "2026-03-19T14:22:25.026Z" }
wheels = [
    { url = "https://files.pythonhosted.org/packages/64/b4/17d4b0b2a2dc85a6df63d1157e028ed19f90d4cd97c36717afef2bc2f395/attrs-26.1.0-py3-none-any.whl", hash = "sha256:c647aa4a12dfbad9333ca4e71fe62ddc36f4e63b2d260a37a8b83d2f043ac309", size = 67548, upload-time = "2026-03-19T14:22:23.645Z" },
]

[[package]]
name = "certifi"
version = "2026.7.22"
source = { registry = "https://pypi.org/simple" }
sdist = { url = "https://files.pythonhosted.org/packages/a3/c2/24167ea9858356b47a87a50d39908bfdb72ceeefe0041586e704e5376b3a/certifi-2026.7.22.tar.gz", hash = "sha256:741e2c3b351ddf169a738da9f2c048608ff7f2c5cc02f1ebc6b118bb090d5d55", size = 138112, upload-time = "2026-07-22T03:35:12.644Z" }
wheels = [
    { url = "https://files.pythonhosted.org/packages/0b/a7/71ac2cff56fec219ed242bb11b8efb69fcc4bec75db06fb7bfe35de520e6/certifi-2026.7.22-py3-none-any.whl", hash = "sha256:62f22742b58a1a33014a2b6b706588a8d7e2a88ae7bd1a6ebe8c992928483775", size = 136983, upload-time = "2026-07-22T03:35:11.276Z" },
]

[[package]]
name = "charset-normalizer"
version = "3.4.9"
source = { registry = "https://pypi.org/simple" }
sdist = { url = "https://files.pythonhosted.org/packages/bd/2a/23f34ec9d04624958e137efdc394888716353190e75f25dd22c7a2c7a8aa/charset_normalizer-3.4.9.tar.gz", hash = "sha256:673611bbd43f0810bec0b0f028ddeaaa501190339cac411f347ac76917c3ae7b", size = 152439, upload-time = "2026-07-07T14:34:58.454Z" }
wheels = [
    { url = "https://files.pythonhosted.org/packages/7e/8d/496817fa0944239ecae662dd57ea765cfeaec6a735f9f025d4b7b72e7143/charset_normalizer-3.4.9-cp314-cp314-macosx_10_15_universal2.whl", hash = "sha256:0327fcd59a935777d83410750c50600ee9571af2846f71ce40f25b13da1ef380", size = 317253, upload-time = "2026-07-07T14:33:54.994Z" },
    { url = "https://files.pythonhosted.org/packages/2b/f9/ef4a69ea338ad3c0deceea0f5f7d2380ae8b52132b06d652cb0d2cd86706/charset_normalizer-3.4.9-cp314-cp314-manylinux2014_aarch64.manylinux_2_17_aarch64.manylinux_2_28_aarch64.whl", hash = "sha256:8a79d9f4d8001473a30c163556b3c3bfebec837495a412dde78b51672f6134f9", size = 215898, upload-time = "2026-07-07T14:33:56.334Z" },
    { url = "https://files.pythonhosted.org/packages/8c/e7/5ddfd76fc061eb52de219658a4aa431cbacadf0a0219c8854f00da50d289/charset_normalizer-3.4.9-cp314-cp314-manylinux2014_ppc64le.manylinux_2_17_ppc64le.manylinux_2_28_ppc64le.whl", hash = "sha256:33bdcc2a32c0a0e861f60841a512c8acc658c87c2ac59d89e3a46dacf7d866e4", size = 236718, upload-time = "2026-07-07T14:33:57.9Z" },
    { url = "https://files.pythonhosted.org/packages/49/ba/768fa3f36048d81c477a0ce61f813bc1454d80917ccfe550abd9f44f5e24/charset_normalizer-3.4.9-cp314-cp314-manylinux2014_s390x.manylinux_2_17_s390x.manylinux_2_28_s390x.whl", hash = "sha256:f840ed6d8ecba8255df8c42b87fadeda98ddfc6eeec05e2dc66e26d46dd6f58a", size = 232519, upload-time = "2026-07-07T14:33:59.811Z" },
    { url = "https://files.pythonhosted.org/packages/f4/c4/b3e049d2aa3766180c78507110543d9d50894cc97f57de543f1be521dcdc/charset_normalizer-3.4.9-cp314-cp314-manylinux2014_x86_64.manylinux_2_17_x86_64.manylinux_2_28_x86_64.whl", hash = "sha256:c25fe15c70c59eb7c5ce8c06a1f3fa1da0ecc5ea1e7a5922c40fd2fa9b0d5046", size = 223143, upload-time = "2026-07-07T14:34:01.517Z" },
    { url = "https://files.pythonhosted.org/packages/19/79/55c32d06d76ae4feafe053f061f3e3ab70bcf19f4007797ce8c3efda7830/charset_normalizer-3.4.9-cp314-cp314-manylinux_2_31_armv7l.whl", hash = "sha256:f7fb7d750cfa0a070d2c24e831fd3481019a60dd317ea2b39acbcebc08b6ed81", size = 206742, upload-time = "2026-07-07T14:34:03.04Z" },
    { url = "https://files.pythonhosted.org/packages/10/e0/47c079dd82d217c807479cd59ffd30af56307ea31c108b75758970459ad3/charset_normalizer-3.4.9-cp314-cp314-manylinux_2_31_riscv64.manylinux_2_39_riscv64.whl", hash = "sha256:4d1c96a7a18b9690a4d46df09e3e3382406ae3213727cd1019ebade1c4a81917", size = 219191, upload-time = "2026-07-07T14:34:04.657Z" },
    { url = "https://files.pythonhosted.org/packages/42/ab/b9bc2e77d6b44a7e46ef62ec5cac1c9a6ba7b9135a5d560f002696ec9995/charset_normalizer-3.4.9-cp314-cp314-musllinux_1_2_aarch64.whl", hash = "sha256:a4cfde78a9f2880208d16a93b795726a3017d5977e08d1e162a7a31322479c41", size = 218328, upload-time = "2026-07-07T14:34:06.115Z" },
    { url = "https://files.pythonhosted.org/packages/f1/78/c9c71d599f5aa2d42bcdd35cbbd46d7f535351a57e40ff7d8e5a7e219401/charset_normalizer-3.4.9-cp314-cp314-musllinux_1_2_armv7l.whl", hash = "sha256:d4d6fcde76f94f5cb9e43e9e9a61f16dacefd228cbbf6f1a09bd9b219a92f1a1", size = 207406, upload-time = "2026-07-07T14:34:07.554Z" },
    { url = "https://files.pythonhosted.org/packages/f6/39/c914445c321a845097ce4f6ac7de9a18228a77b766272125a1ce00d851eb/charset_normalizer-3.4.9-cp314-cp314-musllinux_1_2_x86_64.whl", hash = "sha256:898f0e9068ca27d37f8e83a5b962821df851532e6c4a7d615c1c033f9da6eedf", size = 225157, upload-time = "2026-07-07T14:34:09.061Z" },
    { url = "https://files.pythonhosted.org/packages/9b/f2/c0d4b8508565a36bc5c624e88ed297f5b0b1095011034d7f5b83a69908b5/charset_normalizer-3.4.9-cp314-cp314-win32.whl", hash = "sha256:c1c948747b03be832dceed96ca815cef7360de9aa19d37c730f8e3f6101aca48", size = 151095, upload-time = "2026-07-07T14:34:10.901Z" },
    { url = "https://files.pythonhosted.org/packages/49/fd/a1d26144398c67486422a72bf5812cda22cb4ccfcd95a290fb41ceb4b8e2/charset_normalizer-3.4.9-cp314-cp314-win_amd64.whl", hash = "sha256:16b65ea0f2465b6fb52aa22de5eca612aa964ddfec00a912e26f4656cbef890b", size = 162796, upload-time = "2026-07-07T14:34:12.47Z" },
    { url = "https://files.pythonhosted.org/packages/20/95/d75e82f8ce9fd323ebf059c16c9aadefb22a1ecde13b7840b35835e4886c/charset_normalizer-3.4.9-cp314-cp314-win_arm64.whl", hash = "sha256:40a126142a56b2dfc0aacbad1de8310cbf60da7656db0e6b16eebd48e3e93519", size = 153334, upload-time = "2026-07-07T14:34:14.044Z" },
    { url = "https://files.pythonhosted.org/packages/00/5e/17398df3a139985ba9d11ed072531986f408c8fca952835ef1ab1820c02b/charset_normalizer-3.4.9-cp314-cp314t-macosx_10_15_universal2.whl", hash = "sha256:609b3ba8fcc0fb5ab7af00719d0fb6ad0cb518e48e7712d12fd68f1327951198", size = 338848, upload-time = "2026-07-07T14:34:15.688Z" },
    { url = "https://files.pythonhosted.org/packages/cd/91/7253a32e86b7e1d1239b1b36ba6dd0f021a21107ab33054b53119cc083b9/charset_normalizer-3.4.9-cp314-cp314t-manylinux2014_aarch64.manylinux_2_17_aarch64.manylinux_2_28_aarch64.whl", hash = "sha256:51447e9aa2684679af07ca5021c3db526e0284347ebf4ffcec1154c3350cfe32", size = 223022, upload-time = "2026-07-07T14:34:17.248Z" },
    { url = "https://files.pythonhosted.org/packages/cb/32/2e64bd2be10e89c61e57ebe6a93fd98ae88eb7ebe414b5121f22c96c69eb/charset_normalizer-3.4.9-cp314-cp314t-manylinux2014_ppc64le.manylinux_2_17_ppc64le.manylinux_2_28_ppc64le.whl", hash = "sha256:cc1b0fff8ead343dae06305f954eb8468ba0ec1a97881f42489d198e4ce3c632", size = 241590, upload-time = "2026-07-07T14:34:18.813Z" },
    { url = "https://files.pythonhosted.org/packages/3d/ef/d96ec496cfea0c21db43b0ad03891308b02388d054cc902cf0e5a1ad6a88/charset_normalizer-3.4.9-cp314-cp314t-manylinux2014_s390x.manylinux_2_17_s390x.manylinux_2_28_s390x.whl", hash = "sha256:fa36ec09ef71d158186bc79e359ff5fdd6e7996fe8ab638f00d6b93139ba4fcf", size = 239584, upload-time = "2026-07-07T14:34:20.52Z" },
    { url = "https://files.pythonhosted.org/packages/d4/ce/9af95f7876194bd7a14e3dfe4a4de2e0bff02666a3910d72beafd06cc297/charset_normalizer-3.4.9-cp314-cp314t-manylinux2014_x86_64.manylinux_2_17_x86_64.manylinux_2_28_x86_64.whl", hash = "sha256:df115d4d83168fdf2cae48ef1ff6d1cb4c466364e30861b37121de0f3bf1b990", size = 230224, upload-time = "2026-07-07T14:34:22.189Z" },
    { url = "https://files.pythonhosted.org/packages/52/94/af74dde74a3996bd959c350709bfe50e297823d70a8c1cbd54b838880863/charset_normalizer-3.4.9-cp314-cp314t-manylinux_2_31_armv7l.whl", hash = "sha256:f86c6358749bd4fda175388691e3ba8c46e24c5347d0afd20f9b7edfc9faf07d", size = 212667, upload-time = "2026-07-07T14:34:23.857Z" },
    { url = "https://files.pythonhosted.org/packages/ee/f0/f1c4fe746c395922961b5916ed1d7d6e7d4c84851d19ed43cc89980ec953/charset_normalizer-3.4.9-cp314-cp314t-manylinux_2_31_riscv64.manylinux_2_39_riscv64.whl", hash = "sha256:32286a2c8d167e897177b673176c1e3e00d4057caf5d2b64eef9a3666b03018e", size = 227179, upload-time = "2026-07-07T14:34:25.586Z" },
    { url = "https://files.pythonhosted.org/packages/e4/56/6c745619ac397e8871e2bcd3cea1eec86b877488f33888b3aef5c3ed506e/charset_normalizer-3.4.9-cp314-cp314t-musllinux_1_2_aarch64.whl", hash = "sha256:83aed2c10721ddd90f68140685391b50811a880af20654c59af6b6c66c40513c", size = 225372, upload-time = "2026-07-07T14:34:27.212Z" },
    { url = "https://files.pythonhosted.org/packages/78/ad/98aae8630ac71f16711968e38a5acfecce41b778bf2f0312851020f565a8/charset_normalizer-3.4.9-cp314-cp314t-musllinux_1_2_armv7l.whl", hash = "sha256:cd6c3d4b783c556fa00bf540854e42f135e2f256abd29669fcd0da0f2dec79c2", size = 215222, upload-time = "2026-07-07T14:34:28.774Z" },
    { url = "https://files.pythonhosted.org/packages/f7/40/9593d54209765207a7f11073c06494c1721e4ca4a0a426c597679bf7f91e/charset_normalizer-3.4.9-cp314-cp314t-musllinux_1_2_x86_64.whl", hash = "sha256:ee2f2a527e3c1a6e6411eb4209642e138b544a2d72fe5d0d76daf77b24063534", size = 231958, upload-time = "2026-07-07T14:34:30.345Z" },
    { url = "https://files.pythonhosted.org/packages/b1/27/693ee5e8a18191eb38647360c51cd505013e2bd3b366aa43fd5344c21e3c/charset_normalizer-3.4.9-cp314-cp314t-win32.whl", hash = "sha256:0d861473f743244d349b50f850d10eb87aeb22bbdcc8e64f79273c94af5a8226", size = 155580, upload-time = "2026-07-07T14:34:31.884Z" },
    { url = "https://files.pythonhosted.org/packages/80/3f/bd97d3d9c613013d07cb7733d299385b41df37f0471310f5a73dc359f0b8/charset_normalizer-3.4.9-cp314-cp314t-win_amd64.whl", hash = "sha256:9b8e0f3107e2200b76f6054de99016eac3ee6762713587b36baaa7e4bd2ae177", size = 167620, upload-time = "2026-07-07T14:34:33.438Z" },
    { url = "https://files.pythonhosted.org/packages/3d/c6/eee9dca4439b1061f76373f06ea855678cc4a64c1c3c90b50e479edbb8eb/charset_normalizer-3.4.9-cp314-cp314t-win_arm64.whl", hash = "sha256:19ac87f93086ce37b86e098888555c4b4bc48102279bae3350098c0ed664b501", size = 158037, upload-time = "2026-07-07T14:34:35.018Z" },
    { url = "https://files.pythonhosted.org/packages/98/2b/f97f1c193fb855c345d678f5077d6926034db0722df74c8f057020e05a25/charset_normalizer-3.4.9-py3-none-any.whl", hash = "sha256:68e5f26a1ad57ded6d1cfb85331d1c1a195314756471d97758c48498bb4dcdf5", size = 64538, upload-time = "2026-07-07T14:34:56.993Z" },
]

[[package]]
name = "check-jsonschema"
version = "0.38.0"
source = { registry = "https://pypi.org/simple" }
dependencies = [
    { name = "click" },
    { name = "jsonschema" },
    { name = "regress" },
    { name = "requests" },
    { name = "ruamel-yaml" },
]
sdist = { url = "https://files.pythonhosted.org/packages/a1/a0/d5ab25da3d4612a47b1e68cbbdffdc076ca3a9771027573d4ed9f4304d49/check_jsonschema-0.38.0.tar.gz", hash = "sha256:bb6899cc24ab0ced664e4646423d35b72db245cea75109c0b9e64d13087d1b8c", size = 436740, upload-time = "2026-08-09T04:31:07.055Z" }
wheels = [
    { url = "https://files.pythonhosted.org/packages/8d/8b/810a6d7048cfc3db2804b36ed6ff8e8cd0855a88b9a205752f27a4521f85/check_jsonschema-0.38.0-py3-none-any.whl", hash = "sha256:a4fa877ae92b1df812c601b68fec75fe10d1f7d827a7e7f6b218f6712deead2d", size = 420163, upload-time = "2026-08-09T04:31:05.412Z" },
]

[[package]]
name = "click"
version = "8.4.2"
source = { registry = "https://pypi.org/simple" }
dependencies = [
    { name = "colorama", marker = "sys_platform == 'win32'" },
]
sdist = { url = "https://files.pythonhosted.org/packages/76/d4/81420972a676e8ffea40450d8c8c92943e7218a78fe9b64359836cc9876b/click-8.4.2.tar.gz", hash = "sha256:9a6cea6e60b17ebe0a44c5cc636d94f09bd66142c1cd7d8b4cd731c4917a15f6", size = 338000, upload-time = "2026-06-24T17:45:15.148Z" }
wheels = [
    { url = "https://files.pythonhosted.org/packages/fb/e2/79c688af8b210d232694e31e59da9f6ec747bae31c3f5946e4e9b98860d5/click-8.4.2-py3-none-any.whl", hash = "sha256:e6f9f66136c816745b9d65817da91d61d957fb16e02e4dcd0552553c5a197b76", size = 119243, upload-time = "2026-06-24T17:45:13.73Z" },
]

[[package]]
name = "colorama"
version = "0.4.6"
source = { registry = "https://pypi.org/simple" }
sdist = { url = "https://files.pythonhosted.org/packages/d8/53/6f443c9a4a8358a93a6792e2acffb9d9d5cb0a5cfd8802644b7b1c9a02e4/colorama-0.4.6.tar.gz", hash = "sha256:08695f5cb7ed6e0531a20572697297273c47b8cae5a63ffc6d6ed5c201be6e44", size = 27697, upload-time = "2022-10-25T02:36:22.414Z" }
wheels = [
    { url = "https://files.pythonhosted.org/packages/d1/d6/3965ed04c63042e047cb6a3e6ed1a63a35087b6a609aa3a15ed8ac56c221/colorama-0.4.6-py2.py3-none-any.whl", hash = "sha256:4f1d9991f5acc0ca119f9d443620b77f9d6b33703e51011c16baf57afb285fc6", size = 25335, upload-time = "2022-10-25T02:36:20.889Z" },
]

[[package]]
name = "idna"
version = "3.18"
source = { registry = "https://pypi.org/simple" }
sdist = { url = "https://files.pythonhosted.org/packages/cd/63/9496c57188a2ee585e0f1db071d75089a11e98aa86eb99d9d7618fc1edce/idna-3.18.tar.gz", hash = "sha256:ffb385a7e039654cef1ab9ef32c6fafe283c0c0467bba1d9029738ce4a14a848", size = 196711, upload-time = "2026-06-02T14:34:07.794Z" }
wheels = [
    { url = "https://files.pythonhosted.org/packages/1e/5e/d4e9f1a599fb8e573b7b87160658329fbf28d19eac2718f51fc3def3aa5a/idna-3.18-py3-none-any.whl", hash = "sha256:7f952cbe720b688055e3f87de14f5c3e5fdaa8bc3928985c4077ca689de849a2", size = 65455, upload-time = "2026-06-02T14:34:06.319Z" },
]

[[package]]
name = "jsonschema"
version = "4.25.1"
source = { registry = "https://pypi.org/simple" }
dependencies = [
    { name = "attrs" },
    { name = "jsonschema-specifications" },
    { name = "referencing" },
    { name = "rpds-py" },
]
sdist = { url = "https://files.pythonhosted.org/packages/74/69/f7185de793a29082a9f3c7728268ffb31cb5095131a9c139a74078e27336/jsonschema-4.25.1.tar.gz", hash = "sha256:e4a9655ce0da0c0b67a085847e00a3a51449e1157f4f75e9fb5aa545e122eb85", size = 357342, upload-time = "2025-08-18T17:03:50.038Z" }
wheels = [
    { url = "https://files.pythonhosted.org/packages/bf/9c/8c95d856233c1f82500c2450b8c68576b4cf1c871db3afac5c34ff84e6fd/jsonschema-4.25.1-py3-none-any.whl", hash = "sha256:3fba0169e345c7175110351d456342c364814cfcf3b964ba4587f22915230a63", size = 90040, upload-time = "2025-08-18T17:03:48.373Z" },
]

[[package]]
name = "jsonschema-specifications"
version = "2025.9.1"
source = { registry = "https://pypi.org/simple" }
dependencies = [
    { name = "referencing" },
]
sdist = { url = "https://files.pythonhosted.org/packages/19/74/a633ee74eb36c44aa6d1095e7cc5569bebf04342ee146178e2d36600708b/jsonschema_specifications-2025.9.1.tar.gz", hash = "sha256:b540987f239e745613c7a9176f3edb72b832a4ac465cf02712288397832b5e8d", size = 32855, upload-time = "2025-09-08T01:34:59.186Z" }
wheels = [
    { url = "https://files.pythonhosted.org/packages/41/45/1a4ed80516f02155c51f51e8cedb3c1902296743db0bbc66608a0db2814f/jsonschema_specifications-2025.9.1-py3-none-any.whl", hash = "sha256:98802fee3a11ee76ecaca44429fda8a41bff98b00a0f2838151b113f210cc6fe", size = 18437, upload-time = "2025-09-08T01:34:57.871Z" },
]

[[package]]
name = "referencing"
version = "0.37.0"
source = { registry = "https://pypi.org/simple" }
dependencies = [
    { name = "attrs" },
    { name = "rpds-py" },
]
sdist = { url = "https://files.pythonhosted.org/packages/22/f5/df4e9027acead3ecc63e50fe1e36aca1523e1719559c499951bb4b53188f/referencing-0.37.0.tar.gz", hash = "sha256:44aefc3142c5b842538163acb373e24cce6632bd54bdb01b21ad5863489f50d8", size = 78036, upload-time = "2025-10-13T15:30:48.871Z" }
wheels = [
    { url = "https://files.pythonhosted.org/packages/2c/58/ca301544e1fa93ed4f80d724bf5b194f6e4b945841c5bfd555878eea9fcb/referencing-0.37.0-py3-none-any.whl", hash = "sha256:381329a9f99628c9069361716891d34ad94af76e461dcb0335825aecc7692231", size = 26766, upload-time = "2025-10-13T15:30:47.625Z" },
]

[[package]]
name = "regress"
version = "2025.10.1"
source = { registry = "https://pypi.org/simple" }
sdist = { url = "https://files.pythonhosted.org/packages/02/bf/faa406189856f9b566fa1c42d173188d3e86cd5116484a663922365e0004/regress-2025.10.1.tar.gz", hash = "sha256:dcc0a8af0cdbc3d6e0d4725f113335d0a5ffbba86ae3ca18d2b5b352c5f2c8ed", size = 11567, upload-time = "2025-10-09T07:09:48.397Z" }
wheels = [
    { url = "https://files.pythonhosted.org/packages/63/a0/49e86facc015003db16ff9e6ce5086e843b45a19f4e0e34ce59e6d6c2d81/regress-2025.10.1-cp314-cp314-macosx_10_12_x86_64.whl", hash = "sha256:56123dbe783a2bab04d1a1850605c483d40f36196bc52d249aa245d06f866f78", size = 444793, upload-time = "2025-10-09T07:08:47.867Z" },
    { url = "https://files.pythonhosted.org/packages/54/3f/2873d64a063d33f721ffa66f2543ef5a5482a0e8d69d700e28e8e40e1ae6/regress-2025.10.1-cp314-cp314-macosx_11_0_arm64.whl", hash = "sha256:8405a31f0a1475e1c9aa20c4d6e1465ef2f7259581c018a2e273083494ca9a61", size = 434881, upload-time = "2025-10-09T07:08:49.192Z" },
    { url = "https://files.pythonhosted.org/packages/4b/69/7179ca674432677db0060c49fc79a1816b7585e5ba10cfc546251a362d35/regress-2025.10.1-cp314-cp314-manylinux_2_17_aarch64.manylinux2014_aarch64.whl", hash = "sha256:12430b2c7263a7b359d30dd0f2b179426d489df30da78cd21023376eb2fe2682", size = 514673, upload-time = "2025-10-09T07:08:50.203Z" },
    { url = "https://files.pythonhosted.org/packages/cf/de/2f35d611ee0223001c2b3ffe80ae4509dc8d082171d60046db179fada84e/regress-2025.10.1-cp314-cp314-manylinux_2_17_armv7l.manylinux2014_armv7l.whl", hash = "sha256:c7ecba827aff7f951db40be777c32608a1b16bbeb7f02fcc97a2e9fc6702641f", size = 498108, upload-time = "2025-10-09T07:08:51.304Z" },
    { url = "https://files.pythonhosted.org/packages/97/82/6f1762b94810e55ab179a4ec2f804f5b8af152c3fb8d348fee7642437e29/regress-2025.10.1-cp314-cp314-manylinux_2_17_ppc64le.manylinux2014_ppc64le.whl", hash = "sha256:293be370961c6887efb82e466a15523ff24a702d444f44917ce318b222ffd229", size = 676532, upload-time = "2025-10-09T07:08:52.301Z" },
    { url = "https://files.pythonhosted.org/packages/06/46/c24aa9299b9706cf39422b48ba6cbba20e2826b3850f3d2a1b6d2865b1b1/regress-2025.10.1-cp314-cp314-manylinux_2_17_s390x.manylinux2014_s390x.whl", hash = "sha256:783b9c50760aab988e4d60dcb7c54eba3fe730d80f9a877f1dc52d14263f86b1", size = 576455, upload-time = "2025-10-09T07:08:53.637Z" },
    { url = "https://files.pythonhosted.org/packages/47/a7/e13517b6388d058406e69387045797d3b4358c44f8dd37a457f4714123eb/regress-2025.10.1-cp314-cp314-manylinux_2_17_x86_64.manylinux2014_x86_64.whl", hash = "sha256:c0ed3b4d0df960aeccb685f8de5001c19f426f1ab09fde715e5abdbf9c59b26a", size = 506859, upload-time = "2025-10-09T07:08:54.557Z" },
    { url = "https://files.pythonhosted.org/packages/5c/a5/52b57c409586809402595f1b7938826cc84fb9983be1fa7bbdce14026613/regress-2025.10.1-cp314-cp314-manylinux_2_5_i686.manylinux1_i686.whl", hash = "sha256:08e99c44e4c3860352400af96b25a4ebb673c16d53c6367153631ec77d5130b8", size = 520546, upload-time = "2025-10-09T07:08:55.56Z" },
    { url = "https://files.pythonhosted.org/packages/c3/5f/e46311b2452d0419aeca10df5c16ae554f82ba8d21a9cc854ed225ea4a49/regress-2025.10.1-cp314-cp314-musllinux_1_2_aarch64.whl", hash = "sha256:6b52096ecbf39f50756e51efa9286f47c598572f6b8bb2119f855de817f38b8e", size = 695829, upload-time = "2025-10-09T07:08:56.543Z" },
    { url = "https://files.pythonhosted.org/packages/8c/6f/fd52382dcd315594cd5ec74bb436a5ca6a6376e5f205b9711c1e2abc4e4c/regress-2025.10.1-cp314-cp314-musllinux_1_2_i686.whl", hash = "sha256:b99a73cfbdc5d99681aeb3aeaa2d88369023c96648cc785433d6a92c8d3a8394", size = 695324, upload-time = "2025-10-09T07:08:57.572Z" },
    { url = "https://files.pythonhosted.org/packages/75/88/61ad735f401d0b9b043c52e4cea95bff10584894351c878eeb52e34e01e1/regress-2025.10.1-cp314-cp314-musllinux_1_2_x86_64.whl", hash = "sha256:05d02b4d7179b85acf28d7329a488901d6baef5f5b337dcd52f53ea0ff980bc3", size = 691245, upload-time = "2025-10-09T07:08:58.791Z" },
    { url = "https://files.pythonhosted.org/packages/b6/10/26f42441c7d3aaa68af23520d298475e19338bf087bae2d687d911869036/regress-2025.10.1-cp314-cp314-win32.whl", hash = "sha256:e7cc153fabb47b6f8dfc2903186934e07aa57ee1debe9b3569ac4779b43708ae", size = 282612, upload-time = "2025-10-09T07:08:59.898Z" },
    { url = "https://files.pythonhosted.org/packages/66/18/ecbc4b30960988fde96f0e36fdd59d687af734befc013a03395c519ae46b/regress-2025.10.1-cp314-cp314-win_amd64.whl", hash = "sha256:102c4627f026db8d361ab61155e0f1093176555d60ddb1cc4c9b6f5bbe255c1f", size = 301416, upload-time = "2025-10-09T07:09:00.805Z" },
    { url = "https://files.pythonhosted.org/packages/53/05/0f5b750f65428b00e8b90af33935f667dad267ea0e9493aef993e307b60b/regress-2025.10.1-cp314-cp314-win_arm64.whl", hash = "sha256:e5c441a6017a5a29bb38c573892d882485cc26937cb1ee12da8593723bf6c041", size = 288347, upload-time = "2025-10-09T07:09:02.07Z" },
    { url = "https://files.pythonhosted.org/packages/88/43/33a2ec3342919ff5516e4eec66ae01fd3dea8ff51c86f8746a8f34211dc9/regress-2025.10.1-cp314-cp314t-macosx_10_12_x86_64.whl", hash = "sha256:77d63b338c2a4e56b4f05632d3fd94061ad47ee2b272b158b9c2e09545a4c6bb", size = 444092, upload-time = "2025-10-09T07:09:03.088Z" },
    { url = "https://files.pythonhosted.org/packages/a4/30/2f5d12fa93215fe914eaa0ce3bb7f184d9b4460ba9cf4bb6ad17bd40418a/regress-2025.10.1-cp314-cp314t-macosx_11_0_arm64.whl", hash = "sha256:722c408a3bc92b4904005e68244c28fa6df943290df8d670faf349414c86aabb", size = 434309, upload-time = "2025-10-09T07:09:04.503Z" },
    { url = "https://files.pythonhosted.org/packages/cf/19/6c76d2a5617c7980c752ea3b6152f070a9c708e789032e3219377743556a/regress-2025.10.1-cp314-cp314t-manylinux_2_17_aarch64.manylinux2014_aarch64.whl", hash = "sha256:f3afe24e6474f5dbc448f865641c29bcbed4eb3b87ac9eb0e6755c4eff4f7111", size = 514890, upload-time = "2025-10-09T07:09:05.488Z" },
    { url = "https://files.pythonhosted.org/packages/0a/d3/04cede3329ce180477856b56875bdf5c51936584fe1e8717f2f5b80ce5b9/regress-2025.10.1-cp314-cp314t-manylinux_2_17_armv7l.manylinux2014_armv7l.whl", hash = "sha256:9fdbbea49bf2fe65f7272b0316e1343aff1ccbb85b58fab325778c416d648ed9", size = 496277, upload-time = "2025-10-09T07:09:10.062Z" },
    { url = "https://files.pythonhosted.org/packages/16/9c/2954a87ea2bd6c75506233242a7b0a1e68553b07772b72d6acc7b08e0f9a/regress-2025.10.1-cp314-cp314t-manylinux_2_17_ppc64le.manylinux2014_ppc64le.whl", hash = "sha256:6d451a88292c5a93f57cf754c71b3aa8b570ed159f9fd481554948c467e6105d", size = 677710, upload-time = "2025-10-09T07:09:11.054Z" },
    { url = "https://files.pythonhosted.org/packages/c6/47/199000108d39b40339532d2e6d9e0188cb747da8478cd697cf57ab7d9411/regress-2025.10.1-cp314-cp314t-manylinux_2_17_s390x.manylinux2014_s390x.whl", hash = "sha256:a97649f21c875b7e95e10a59f0f487a518735f51a7aec7fc95fb2c3d9a3914d5", size = 575255, upload-time = "2025-10-09T07:09:12.406Z" },
    { url = "https://files.pythonhosted.org/packages/6e/49/84e96203933feffb1e77f6553e82684501a34e144f64c50113f7c2228fde/regress-2025.10.1-cp314-cp314t-manylinux_2_17_x86_64.manylinux2014_x86_64.whl", hash = "sha256:a542e38c8bb95f618674a5d2d248f1010547d7ff2e46a6cf4fa4b851459ba440", size = 507535, upload-time = "2025-10-09T07:09:13.408Z" },
    { url = "https://files.pythonhosted.org/packages/47/0d/e368ef1b8d3d19633d49cf35c48154fd382da643246c3ad58d63a1053f45/regress-2025.10.1-cp314-cp314t-manylinux_2_5_i686.manylinux1_i686.whl", hash = "sha256:933561ea90b2ac9a826e956a994b8a66635cd96467374281da992ceea8b0de4c", size = 520011, upload-time = "2025-10-09T07:09:14.546Z" },
    { url = "https://files.pythonhosted.org/packages/f6/25/6a1c13a7a18444cfedcef80a5727d3feae2055214d228e7847a647431e77/regress-2025.10.1-cp314-cp314t-musllinux_1_2_aarch64.whl", hash = "sha256:b6b5aa9f9408fdf260c73071282a28d29efbb4c30a4b95ab29863bea31987621", size = 695675, upload-time = "2025-10-09T07:09:15.983Z" },
    { url = "https://files.pythonhosted.org/packages/89/7c/2000eadccfc762da29004b192f1c15e2d026d0b6dd5fb0ff3f5f06cfd216/regress-2025.10.1-cp314-cp314t-musllinux_1_2_i686.whl", hash = "sha256:afee501f000666afe18531132edcaf0dc0178dd591cccf5b9596563e7456c118", size = 694358, upload-time = "2025-10-09T07:09:16.98Z" },
    { url = "https://files.pythonhosted.org/packages/d8/5a/5743b01774c8c438811e357d79fdce4be7729a59e72f28f4b2df0379784e/regress-2025.10.1-cp314-cp314t-musllinux_1_2_x86_64.whl", hash = "sha256:4d0bf23a6d996655ed88c822bb0123cc2e92a1df95079ce7408552c35ec05d47", size = 691223, upload-time = "2025-10-09T07:09:18.467Z" },
    { url = "https://files.pythonhosted.org/packages/47/03/8f99f04fa8fa307c343285f8630537ad493a78754c273de7427c084dc5b1/regress-2025.10.1-cp314-cp314t-win32.whl", hash = "sha256:adaa80c97927d623ff72b920bcc637568f124eabe84559c7927a91253ff55d5e", size = 281997, upload-time = "2025-10-09T07:09:19.51Z" },
    { url = "https://files.pythonhosted.org/packages/d6/7e/e65462387ffd8f67ffea40482d55655a89b9088f258def3824007e6b7c74/regress-2025.10.1-cp314-cp314t-win_amd64.whl", hash = "sha256:6553c8ba57fa92ab3e9ef5c811d6214c80131bba06496bd5920e6e5a3d53ca8e", size = 301375, upload-time = "2025-10-09T07:09:20.431Z" },
]

[[package]]
name = "requests"
version = "2.34.2"
source = { registry = "https://pypi.org/simple" }
dependencies = [
    { name = "certifi" },
    { name = "charset-normalizer" },
    { name = "idna" },
    { name = "urllib3" },
]
sdist = { url = "https://files.pythonhosted.org/packages/ac/c3/e2a2b89f2d3e2179abd6d00ebd70bff6273f37fb3e0cc209f48b39d00cbf/requests-2.34.2.tar.gz", hash = "sha256:f288924cae4e29463698d6d60bc6a4da69c89185ad1e0bcc4104f584e960b9ed", size = 142856, upload-time = "2026-05-14T19:25:27.735Z" }
wheels = [
    { url = "https://files.pythonhosted.org/packages/a0/f4/c67b0b3f1b9245e8d266f0f112c500d50e5b4e83cb6f3b71b6528104182a/requests-2.34.2-py3-none-any.whl", hash = "sha256:2a0d60c172f83ac6ab31e4554906c0f3b3588d37b5cb939b1c061f4907e278e0", size = 73075, upload-time = "2026-05-14T19:25:26.443Z" },
]

[[package]]
name = "rfc8785"
version = "0.1.4"
source = { registry = "https://pypi.org/simple" }
sdist = { url = "https://files.pythonhosted.org/packages/ef/2f/fa1d2e740c490191b572d33dbca5daa180cb423c24396b856f5886371d8b/rfc8785-0.1.4.tar.gz", hash = "sha256:e545841329fe0eee4f6a3b44e7034343100c12b4ec566dc06ca9735681deb4da", size = 14321, upload-time = "2024-09-27T16:33:31.206Z" }
wheels = [
    { url = "https://files.pythonhosted.org/packages/4d/78/119878110660b2ad709888c8a1614fce7e2fab39080ab960656dc8605bf6/rfc8785-0.1.4-py3-none-any.whl", hash = "sha256:520d690b448ecf0703691c76e1a34a24ddcd4fc5bc41d589cb7c58ec651bcd48", size = 9240, upload-time = "2024-09-27T16:33:29.683Z" },
]

[[package]]
name = "rpds-py"
version = "2026.6.3"
source = { registry = "https://pypi.org/simple" }
sdist = { url = "https://files.pythonhosted.org/packages/aa/2a/9618a122aeb2a169a28b03889a2995fe297588964333d4a7d67bdf46e147/rpds_py-2026.6.3.tar.gz", hash = "sha256:1cebd1337c242e4ec2293e541f712b2da849b29f48f0c293684b71c0632625d4", size = 64051, upload-time = "2026-06-30T07:17:53.009Z" }
wheels = [
    { url = "https://files.pythonhosted.org/packages/b6/36/7fbe9dcdaf857fb3f63c2a2284b62492d95f5e8334e947e5fb6e7f68c9be/rpds_py-2026.6.3-cp314-cp314-macosx_10_12_x86_64.whl", hash = "sha256:931908d9fc855d8f74783377822be318edb6dcb19e47169dc038f9a1bf60b06e", size = 344510, upload-time = "2026-06-30T07:15:57.921Z" },
    { url = "https://files.pythonhosted.org/packages/ba/54/f785cc3d3f60839ca57a5af4927a9f347b07b2799c373fc20f7949f87c7e/rpds_py-2026.6.3-cp314-cp314-macosx_11_0_arm64.whl", hash = "sha256:d7469697dce35be237db177d42e2a2ee26e6dcc5fc052078a6fefabd288c6edd", size = 339495, upload-time = "2026-06-30T07:15:59.238Z" },
    { url = "https://files.pythonhosted.org/packages/63/ef/d4cdaf309e6b095b43597103cf8c0b951d6cca2acce68c474f75ec12e0c7/rpds_py-2026.6.3-cp314-cp314-manylinux_2_17_aarch64.manylinux2014_aarch64.whl", hash = "sha256:bcfbcf66006befb9fd2aeaa9e01feaf881b4dc330a02ba07d2322b1c11be7b5d", size = 369454, upload-time = "2026-06-30T07:16:01.021Z" },
    { url = "https://files.pythonhosted.org/packages/96/4a/9559a68b7ee15db09d7981212e8c2e219d2a1d6d4faa0391d813c3496a36/rpds_py-2026.6.3-cp314-cp314-manylinux_2_17_armv7l.manylinux2014_armv7l.whl", hash = "sha256:847927daf4cffbd4e90e42bc890069897101edd015f956cb8721b3473372edda", size = 374583, upload-time = "2026-06-30T07:16:02.287Z" },
    { url = "https://files.pythonhosted.org/packages/ef/75/8964aa7d2c6e8ac43eba8eb6e6b0fdda1f46d39f2fc3e6aa9f2cb17f485d/rpds_py-2026.6.3-cp314-cp314-manylinux_2_17_ppc64le.manylinux2014_ppc64le.whl", hash = "sha256:aca6c1ef08a82bfe327cc156da694660f599923e2e6665b6d81c9c2d0ac9ffc8", size = 492919, upload-time = "2026-06-30T07:16:03.723Z" },
    { url = "https://files.pythonhosted.org/packages/8f/97/6908094ac804115e65aedfd90f1b5fee4eebebd3f6c4cfc5419939267565/rpds_py-2026.6.3-cp314-cp314-manylinux_2_17_s390x.manylinux2014_s390x.whl", hash = "sha256:ae50181a047c871561212bb97f7932a2d45fb53e947bd9b57ebad85b529cbc53", size = 383725, upload-time = "2026-06-30T07:16:05.305Z" },
    { url = "https://files.pythonhosted.org/packages/d1/9c/0d1fdc2e7aba23e290d603bc494e97bd205bae262ce33c6b32a69768ed5e/rpds_py-2026.6.3-cp314-cp314-manylinux_2_17_x86_64.manylinux2014_x86_64.whl", hash = "sha256:dc319e5a1de4b6913aac94bf6a2f9e847371e0a140a43dd4991db1a09bc2d504", size = 367255, upload-time = "2026-06-30T07:16:07.086Z" },
    { url = "https://files.pythonhosted.org/packages/c4/fe/f0209ca4a9ed074bc8acb44dfd0e81c3122e94c9689f5645b7973a866719/rpds_py-2026.6.3-cp314-cp314-manylinux_2_31_riscv64.whl", hash = "sha256:e4316bf32babbed84e691e352faf967ce2f0f024174a8643c37c94a1080374fc", size = 379060, upload-time = "2026-06-30T07:16:08.525Z" },
    { url = "https://files.pythonhosted.org/packages/c6/8d/f1cc54c616b9d8897de8738aac148d20afca93f68187475fe194d09a71b9/rpds_py-2026.6.3-cp314-cp314-manylinux_2_5_i686.manylinux1_i686.whl", hash = "sha256:8c6e5a2f750cc71c3e3b11d71661f21d6f9bc6cebc6564b1466417a1ec03ec77", size = 395960, upload-time = "2026-06-30T07:16:09.989Z" },
    { url = "https://files.pythonhosted.org/packages/fb/04/aafff00f73aeca2945f734f1d483c64ab8f472d0864ab02377fd8e89c3b2/rpds_py-2026.6.3-cp314-cp314-musllinux_1_2_aarch64.whl", hash = "sha256:4470ce197d4090875cf6affbf1f853338387428df97c4fb7b7106317b8214698", size = 545356, upload-time = "2026-06-30T07:16:11.816Z" },
    { url = "https://files.pythonhosted.org/packages/fd/cc/e229663b9e4ddac5a4acbe9085dd80a71af2a5d356b8b39d6bff233f24b0/rpds_py-2026.6.3-cp314-cp314-musllinux_1_2_i686.whl", hash = "sha256:ea964164cc9afa72d4d9b23cc28dafae93693c0a53e0b42acbff15b22c3f9ddd", size = 612319, upload-time = "2026-06-30T07:16:13.586Z" },
    { url = "https://files.pythonhosted.org/packages/e3/7a/8a0e6d3e6cd066af108b71b43122c3fe158dd9eb86acac626593a2582eb1/rpds_py-2026.6.3-cp314-cp314-musllinux_1_2_x86_64.whl", hash = "sha256:639c8929aa0afe81be836b04de888460d6bed38b9c54cfc18da8f6bfabf5af5d", size = 573508, upload-time = "2026-06-30T07:16:15.23Z" },
    { url = "https://files.pythonhosted.org/packages/87/03/2a69ab618a789cf6cf85c86bb844c62d090e700ab1a2aa676b3741b6c516/rpds_py-2026.6.3-cp314-cp314-win32.whl", hash = "sha256:882076c00c0a608b131187055ddc5ae29f2e7eaf870d6168980420d58528a5c8", size = 202504, upload-time = "2026-06-30T07:16:16.893Z" },
    { url = "https://files.pythonhosted.org/packages/85/62/a3892ba945f4e24c78f352e5de3c7620d8479f73f211406a97263d13c7d2/rpds_py-2026.6.3-cp314-cp314-win_amd64.whl", hash = "sha256:0be972be84cfcaf46c8c6edf690ca0f154ac17babf1f6a955a51579b34ad2dc5", size = 220380, upload-time = "2026-06-30T07:16:18.108Z" },
    { url = "https://files.pythonhosted.org/packages/3d/e7/c2bd44dc831931815ad11ebb5f430b5a0a4d3caa9de837107876c30c3432/rpds_py-2026.6.3-cp314-cp314-win_arm64.whl", hash = "sha256:2a9c6f195058cb45335e8cc3802745c603d716eb96bc9625950c1aac71c0c703", size = 215976, upload-time = "2026-06-30T07:16:19.654Z" },
    { url = "https://files.pythonhosted.org/packages/79/9c/fff7b74bce9a091ec9a012a03f9ff5f69364eaf9451060dfc4486da2ffdd/rpds_py-2026.6.3-cp314-cp314t-macosx_10_12_x86_64.whl", hash = "sha256:f90938e92afda60266da758ee7d363447f7f0138c9559f9e1811629580582d90", size = 346840, upload-time = "2026-06-30T07:16:21.268Z" },
    { url = "https://files.pythonhosted.org/packages/e9/44/77bcb1168b33704908295533d27f10eb811e9e3e193e8993dc99572211d3/rpds_py-2026.6.3-cp314-cp314t-macosx_11_0_arm64.whl", hash = "sha256:ec829541c45bca16e61c7ae50c20501f213605beb75d1aba91a6ee37fbbb56a4", size = 340282, upload-time = "2026-06-30T07:16:22.875Z" },
    { url = "https://files.pythonhosted.org/packages/87/3c/7a9081c7c9e645b39efe19e4ffbeccd80add246327cd9b888aecffd72317/rpds_py-2026.6.3-cp314-cp314t-manylinux_2_17_aarch64.manylinux2014_aarch64.whl", hash = "sha256:afd70d95892096cdb26f15a00c45907b17817577aa8d1c76b2dcc2788391f9e9", size = 370403, upload-time = "2026-06-30T07:16:24.415Z" },
    { url = "https://files.pythonhosted.org/packages/f7/69/af47021eb7dad6ff3396cb001c08f0f3c4d06c20253f75be6421a59fe6b7/rpds_py-2026.6.3-cp314-cp314t-manylinux_2_17_armv7l.manylinux2014_armv7l.whl", hash = "sha256:29dfa0533a5d4c94d4dfa1b694fcb56c9c63aad8330ffdd816fd225d0a7a162f", size = 376055, upload-time = "2026-06-30T07:16:26.111Z" },
    { url = "https://files.pythonhosted.org/packages/81/fc/a3bcf517084396a6dd258c592567a3c011ba4557f2fde23dceaf26e74f2e/rpds_py-2026.6.3-cp314-cp314t-manylinux_2_17_ppc64le.manylinux2014_ppc64le.whl", hash = "sha256:af05d726809bff6b141be124d4c7ce998f9c9c7f30edb1f46c07aa103d540b41", size = 494419, upload-time = "2026-06-30T07:16:27.596Z" },
    { url = "https://files.pythonhosted.org/packages/c9/eb/13d529d1788135425c7bf207f8463458ca5d92e43f3f701365b83e9dffc1/rpds_py-2026.6.3-cp314-cp314t-manylinux_2_17_s390x.manylinux2014_s390x.whl", hash = "sha256:9826217f048f620d9a712672818bf231442c1b35d96b227a07eabd11b4bb6945", size = 384848, upload-time = "2026-06-30T07:16:29.183Z" },
    { url = "https://files.pythonhosted.org/packages/8e/f4/b7ac49f30013aba8f7b9566b1dd07e81de95e708c1374b7bacc5b9bc5c9c/rpds_py-2026.6.3-cp314-cp314t-manylinux_2_17_x86_64.manylinux2014_x86_64.whl", hash = "sha256:536bceea4fa4acf7e1c61da2b5786304367c816c8895be71b8f537c480b0ea1f", size = 371369, upload-time = "2026-06-30T07:16:30.912Z" },
    { url = "https://files.pythonhosted.org/packages/31/86/6260bafa622f788b07ddec0e52d810305c8b9b0b8c27f58a2ab04bf62b4f/rpds_py-2026.6.3-cp314-cp314t-manylinux_2_31_riscv64.whl", hash = "sha256:bc0011654b91cc4fb2ae701bec0a0ba1e552c0714247fa7af6c59e0ccfa3a4e1", size = 379673, upload-time = "2026-06-30T07:16:32.486Z" },
    { url = "https://files.pythonhosted.org/packages/19/c3/03f1ee79a047b48daeca157c89a18509cde22b6b951d642b9b0af1be660a/rpds_py-2026.6.3-cp314-cp314t-manylinux_2_5_i686.manylinux1_i686.whl", hash = "sha256:539d75de9e0d536c84ff18dfeb805398e58227001ce09231a26a08b9aed1ee0e", size = 397500, upload-time = "2026-06-30T07:16:34.471Z" },
    { url = "https://files.pythonhosted.org/packages/f0/95/8ed0cd8c377dca12aea498f119fe639fc474d1461545c39d2b5872eb1c0f/rpds_py-2026.6.3-cp314-cp314t-musllinux_1_2_aarch64.whl", hash = "sha256:166cf54d9f44fc6ceb53c7860258dde44a81406646de79f8ed3234fca3b6e538", size = 545978, upload-time = "2026-06-30T07:16:36.45Z" },
    { url = "https://files.pythonhosted.org/packages/d3/f2/0eb57f0eaa83f8fc152a7e03de968ab77e1f00732bebc892b190c6eebde7/rpds_py-2026.6.3-cp314-cp314t-musllinux_1_2_i686.whl", hash = "sha256:d34c20167764fbcf927194d532dd7e0c56772f0a5f943fa5ef9e9afbba8fb9db", size = 613350, upload-time = "2026-06-30T07:16:38.213Z" },
    { url = "https://files.pythonhosted.org/packages/5b/de/e0674bdbc3ef7634989b3f854c3f34bc1f587d36e5bfdc5c378d57034619/rpds_py-2026.6.3-cp314-cp314t-musllinux_1_2_x86_64.whl", hash = "sha256:ea7bb13b7c9a29791f87a0387ba7d3ad3a6d783d827e4d3f27b40a0ff44495e2", size = 576486, upload-time = "2026-06-30T07:16:39.797Z" },
    { url = "https://files.pythonhosted.org/packages/f2/f6/21101359743cd136ada781e8210a85769578422ba460672eea0e29739200/rpds_py-2026.6.3-cp314-cp314t-win32.whl", hash = "sha256:6de4744d05bd1aa1be4ed7ea1189e3979196808008113bbbf899a460966b925e", size = 201068, upload-time = "2026-06-30T07:16:41.316Z" },
    { url = "https://files.pythonhosted.org/packages/a6/b2/9574d4d44f7760c2aa32d92a0a4f41698e33f5b204a0bf5c9758f52c79d5/rpds_py-2026.6.3-cp314-cp314t-win_amd64.whl", hash = "sha256:c7b9a2f8f4d8e90af72571d3d495deebdd7e3c75451f5b41719aee166e940fc2", size = 220600, upload-time = "2026-06-30T07:16:43.091Z" },
]

[[package]]
name = "ruamel-yaml"
version = "0.19.1"
source = { registry = "https://pypi.org/simple" }
sdist = { url = "https://files.pythonhosted.org/packages/c7/3b/ebda527b56beb90cb7652cb1c7e4f91f48649fbcd8d2eb2fb6e77cd3329b/ruamel_yaml-0.19.1.tar.gz", hash = "sha256:53eb66cd27849eff968ebf8f0bf61f46cdac2da1d1f3576dd4ccee9b25c31993", size = 142709, upload-time = "2026-01-02T16:50:31.84Z" }
wheels = [
    { url = "https://files.pythonhosted.org/packages/b8/0c/51f6841f1d84f404f92463fc2b1ba0da357ca1e3db6b7fbda26956c3b82a/ruamel_yaml-0.19.1-py3-none-any.whl", hash = "sha256:27592957fedf6e0b62f281e96effd28043345e0e66001f97683aa9a40c667c93", size = 118102, upload-time = "2026-01-02T16:50:29.201Z" },
]

[[package]]
name = "urllib3"
version = "2.7.0"
source = { registry = "https://pypi.org/simple" }
sdist = { url = "https://files.pythonhosted.org/packages/53/0c/06f8b233b8fd13b9e5ee11424ef85419ba0d8ba0b3138bf360be2ff56953/urllib3-2.7.0.tar.gz", hash = "sha256:231e0ec3b63ceb14667c67be60f2f2c40a518cb38b03af60abc813da26505f4c", size = 433602, upload-time = "2026-05-07T16:13:18.596Z" }
wheels = [
    { url = "https://files.pythonhosted.org/packages/7f/3e/5db95bcf282c52709639744ca2a8b149baccf648e39c8cc87553df9eae0c/urllib3-2.7.0-py3-none-any.whl", hash = "sha256:9fb4c81ebbb1ce9531cce37674bbc6f1360472bc18ca9a553ede278ef7276897", size = 131087, upload-time = "2026-05-07T16:13:17.151Z" },
]
